
Microsoft Visual Studio Solution File, Format Version 12.00
# Visual Studio 15
VisualStudioVersion = 15.0.26124.0
MinimumVisualStudioVersion = 15.0.26124.0
Project("{2150E333-8FDC-42A3-9474-1A3956D46DE8}") = "src", "src", "{7550D67D-4CB3-4668-B1B0-30D7E88AA3BD}"
EndProject
Project("{FAE04EC0-301F-11D3-BF4B-00C04F79EFBC}") = "CommandAPI", "src\CommandAPI\CommandAPI.csproj", "{0CBB5FCA-833D-4263-9678-FE36DADFA6EA}"
EndProject
Project("{2150E333-8FDC-42A3-9474-1A3956D46DE8}") = "test", "test", "{3A0D47DB-7430-468F-831F-31FAA8D16565}"
EndProject
Project("{FAE04EC0-301F-11D3-BF4B-00C04F79EFBC}") = "CommandAPI.Tests", "test\CommandAPI.Tests\CommandAPI.Tests.csproj", "{281111A4-3452-4326-84BF-05BF086028A1}"
EndProject
Global
	GlobalSection(SolutionConfigurationPlatforms) = preSolution
		Debug|Any CPU = Debug|Any CPU
		Debug|x64 = Debug|x64
		Debug|x86 = Debug|x86
		Release|Any CPU = Release|Any CPU
		Release|x64 = Release|x64
		Release|x86 = Release|x86
	EndGlobalSection
	GlobalSection(SolutionProperties) = preSolution
		HideSolutionNode = FALSE
	EndGlobalSection
	GlobalSection(ProjectConfigurationPlatforms) = postSolution
		{0CBB5FCA-833D-4263-9678-FE36DADFA6EA}.Debug|Any CPU.ActiveCfg = Debug|Any CPU
		{0CBB5FCA-833D-4263-9678-FE36DADFA6EA}.Debug|Any CPU.Build.0 = Debug|Any CPU
		{0CBB5FCA-833D-4263-9678-FE36DADFA6EA}.Debug|x64.ActiveCfg = Debug|Any CPU
		{0CBB5FCA-833D-4263-9678-FE36DADFA6EA}.Debug|x64.Build.0 = Debug|Any CPU
		{0CBB5FCA-833D-4263-9678-FE36DADFA6EA}.Debug|x86.ActiveCfg = Debug|Any CPU
		{0CBB5FCA-833D-4263-9678-FE36DADFA6EA}.Debug|x86.Build.0 = Debug|Any CPU
		{0CBB5FCA-833D-4263-9678-FE36DADFA6EA}.Release|Any CPU.ActiveCfg = Release|Any CPU
		{0CBB5FCA-833D-4263-9678-FE36DADFA6EA}.Release|Any CPU.Build.0 = Release|Any CPU
		{0CBB5FCA-833D-4263-9678-FE36DADFA6EA}.Release|x64.ActiveCfg = Release|Any CPU
		{0CBB5FCA-833D-4263-9678-FE36DADFA6EA}.Release|x64.Build.0 = Release|Any CPU
		{0CBB5FCA-833D-4263-9678-FE36DADFA6EA}.Release|x86.ActiveCfg = Release|Any CPU
		{0CBB5FCA-833D-4263-9678-FE36DADFA6EA}.Release|x86.Build.0 = Release|Any CPU
		{281111A4-3452-4326-84BF-05BF086028A1}.Debug|Any CPU.ActiveCfg = Debug|Any CPU
		{281111A4-3452-4326-84BF-05BF086028A1}.Debug|Any CPU.Build.0 = Debug|Any CPU
		{281111A4-3452-4326-84BF-05BF086028A1}.Debug|x64.ActiveCfg = Debug|Any CPU
		{281111A4-3452-4326-84BF-05BF086028A1}.Debug|x64.Build.0 = Debug|Any CPU
		{281111A4-3452-4326-84BF-05BF086028A1}.Debug|x86.ActiveCfg = Debug|Any CPU
		{281111A4-3452-4326-84BF-05BF086028A1}.Debug|x86.Build.0 = Debug|Any CPU
		{281111A4-3452-4326-84BF-05BF086028A1}.Release|Any CPU.ActiveCfg = Release|Any CPU
		{281111A4-3452-4326-84BF-05BF086028A1}.Release|Any CPU.Build.0 = Release|Any CPU
		{281111A4-3452-4326-84BF-05BF086028A1}.Release|x64.ActiveCfg = Release|Any CPU
		{281111A4-3452-4326-84BF-05BF086028A1}.Release|x64.Build.0 = Release|Any CPU
		{281111A4-3452-4326-84BF-05BF086028A1}.Release|x86.ActiveCfg = Release|Any CPU
		{281111A4-3452-4326-84BF-05BF086028A1}.Release|x86.Build.0 = Release|Any CPU
	EndGlobalSection
	GlobalSection(NestedProjects) = preSolution
		{0CBB5FCA-833D-4263-9678-FE36DADFA6EA} = {7550D67D-4CB3-4668-B1B0-30D7E88AA3BD}
		{281111A4-3452-4326-84BF-05BF086028A1} = {3A0D47DB-7430-468F-831F-31FAA8D16565}
	EndGlobalSection
EndGlobal
